
Microsoft Visual Studio Solution File, Format Version 11.00
# Visual Studio 2010
Project("{FAE04EC0-301F-11D3-BF4B-00C04F79EFBC}") = "HD", "HD\HD\HD.csproj", "{B7D84B44-7659-45AF-907C-71474C015756}"
	ProjectSection(ProjectDependencies) = postProject
		{7BD04302-6058-4D31-907C-6E1B9CFE8122} = {7BD04302-6058-4D31-907C-6E1B9CFE8122}
	EndProjectSection
EndProject
Project("{FAE04EC0-301F-11D3-BF4B-00C04F79EFBC}") = "FuchsGUI", "FushsGUI\FuchsGUI.csproj", "{37AD6EDD-3ECF-4082-9C65-888756F1DD39}"
EndProject
Project("{FAE04EC0-301F-11D3-BF4B-00C04F79EFBC}") = "HD.Core", "HD.Core\HD.Core.csproj", "{235F12D2-872E-4DC1-8D34-A922AE33A785}"
	ProjectSection(ProjectDependencies) = postProject
		{37AD6EDD-3ECF-4082-9C65-888756F1DD39} = {37AD6EDD-3ECF-4082-9C65-888756F1DD39}
	EndProjectSection
EndProject
Project("{FAE04EC0-301F-11D3-BF4B-00C04F79EFBC}") = "Server", "Server\Server.csproj", "{4717E4CA-508F-40B1-8E46-DAF44618B61B}"
	ProjectSection(ProjectDependencies) = postProject
		{7BD04302-6058-4D31-907C-6E1B9CFE8122} = {7BD04302-6058-4D31-907C-6E1B9CFE8122}
	EndProjectSection
EndProject
Project("{FAE04EC0-301F-11D3-BF4B-00C04F79EFBC}") = "AsteriaContent", "AsteriaContent\AsteriaContent.contentproj", "{AC8A2E22-9F92-475C-B5BE-47FA7126B84F}"
EndProject
Project("{FAE04EC0-301F-11D3-BF4B-00C04F79EFBC}") = "HD.Asteria", "HD.Asteria\HD.Asteria.csproj", "{7BD04302-6058-4D31-907C-6E1B9CFE8122}"
EndProject
Project("{FAE04EC0-301F-11D3-BF4B-00C04F79EFBC}") = "Example", "Example\Example.csproj", "{77483001-672D-41FB-BDE7-05FE1FC82986}"
EndProject
Project("{FAE04EC0-301F-11D3-BF4B-00C04F79EFBC}") = "Asteria-Xbox", "Asteria-Xbox\Asteria-Xbox\Asteria-Xbox.csproj", "{ADAF85F8-6BE0-404E-B59C-C9384D57BF9E}"
EndProject
Project("{FAE04EC0-301F-11D3-BF4B-00C04F79EFBC}") = "Asteria-XboxContent", "Asteria-Xbox\Asteria-XboxContent\Asteria-XboxContent.contentproj", "{009E26CD-6B77-429C-A8F9-8CE79FB98F14}"
EndProject
Project("{FAE04EC0-301F-11D3-BF4B-00C04F79EFBC}") = "Steamworks.NET", "References\Steamworks.NET-master\Standalone\Steamworks.NET.csproj", "{B3543600-587C-4FDC-994A-CB0BDC629A7E}"
EndProject
Global
	GlobalSection(SolutionConfigurationPlatforms) = preSolution
		Debug|Any CPU = Debug|Any CPU
		Debug|Mixed Platforms = Debug|Mixed Platforms
		Debug|x64 = Debug|x64
		Debug|x86 = Debug|x86
		Debug|Xbox 360 = Debug|Xbox 360
		OSX-Linux|Any CPU = OSX-Linux|Any CPU
		OSX-Linux|Mixed Platforms = OSX-Linux|Mixed Platforms
		OSX-Linux|x64 = OSX-Linux|x64
		OSX-Linux|x86 = OSX-Linux|x86
		OSX-Linux|Xbox 360 = OSX-Linux|Xbox 360
		Release|Any CPU = Release|Any CPU
		Release|Mixed Platforms = Release|Mixed Platforms
		Release|x64 = Release|x64
		Release|x86 = Release|x86
		Release|Xbox 360 = Release|Xbox 360
		Steam|Any CPU = Steam|Any CPU
		Steam|Mixed Platforms = Steam|Mixed Platforms
		Steam|x64 = Steam|x64
		Steam|x86 = Steam|x86
		Steam|Xbox 360 = Steam|Xbox 360
		Windows|Any CPU = Windows|Any CPU
		Windows|Mixed Platforms = Windows|Mixed Platforms
		Windows|x64 = Windows|x64
		Windows|x86 = Windows|x86
		Windows|Xbox 360 = Windows|Xbox 360
	EndGlobalSection
	GlobalSection(ProjectConfigurationPlatforms) = postSolution
		{B7D84B44-7659-45AF-907C-71474C015756}.Debug|Any CPU.ActiveCfg = Debug|x86
		{B7D84B44-7659-45AF-907C-71474C015756}.Debug|Mixed Platforms.ActiveCfg = Debug|x86
		{B7D84B44-7659-45AF-907C-71474C015756}.Debug|Mixed Platforms.Build.0 = Debug|x86
		{B7D84B44-7659-45AF-907C-71474C015756}.Debug|x64.ActiveCfg = Debug|x86
		{B7D84B44-7659-45AF-907C-71474C015756}.Debug|x86.ActiveCfg = Debug|x86
		{B7D84B44-7659-45AF-907C-71474C015756}.Debug|x86.Build.0 = Debug|x86
		{B7D84B44-7659-45AF-907C-71474C015756}.Debug|Xbox 360.ActiveCfg = Debug|x86
		{B7D84B44-7659-45AF-907C-71474C015756}.OSX-Linux|Any CPU.ActiveCfg = Release|x86
		{B7D84B44-7659-45AF-907C-71474C015756}.OSX-Linux|Mixed Platforms.ActiveCfg = Release|x86
		{B7D84B44-7659-45AF-907C-71474C015756}.OSX-Linux|Mixed Platforms.Build.0 = Release|x86
		{B7D84B44-7659-45AF-907C-71474C015756}.OSX-Linux|x64.ActiveCfg = Release|x86
		{B7D84B44-7659-45AF-907C-71474C015756}.OSX-Linux|x86.ActiveCfg = Release|x86
		{B7D84B44-7659-45AF-907C-71474C015756}.OSX-Linux|x86.Build.0 = Release|x86
		{B7D84B44-7659-45AF-907C-71474C015756}.OSX-Linux|Xbox 360.ActiveCfg = Release|x86
		{B7D84B44-7659-45AF-907C-71474C015756}.Release|Any CPU.ActiveCfg = Release|x86
		{B7D84B44-7659-45AF-907C-71474C015756}.Release|Mixed Platforms.ActiveCfg = Release|x86
		{B7D84B44-7659-45AF-907C-71474C015756}.Release|Mixed Platforms.Build.0 = Release|x86
		{B7D84B44-7659-45AF-907C-71474C015756}.Release|x64.ActiveCfg = Release|x86
		{B7D84B44-7659-45AF-907C-71474C015756}.Release|x86.ActiveCfg = Release|x86
		{B7D84B44-7659-45AF-907C-71474C015756}.Release|x86.Build.0 = Release|x86
		{B7D84B44-7659-45AF-907C-71474C015756}.Release|Xbox 360.ActiveCfg = Release|x86
		{B7D84B44-7659-45AF-907C-71474C015756}.Steam|Any CPU.ActiveCfg = Steam|x86
		{B7D84B44-7659-45AF-907C-71474C015756}.Steam|Mixed Platforms.ActiveCfg = Steam|x86
		{B7D84B44-7659-45AF-907C-71474C015756}.Steam|Mixed Platforms.Build.0 = Steam|x86
		{B7D84B44-7659-45AF-907C-71474C015756}.Steam|x64.ActiveCfg = Steam|x86
		{B7D84B44-7659-45AF-907C-71474C015756}.Steam|x86.ActiveCfg = Steam|x86
		{B7D84B44-7659-45AF-907C-71474C015756}.Steam|x86.Build.0 = Steam|x86
		{B7D84B44-7659-45AF-907C-71474C015756}.Steam|Xbox 360.ActiveCfg = Steam|x86
		{B7D84B44-7659-45AF-907C-71474C015756}.Windows|Any CPU.ActiveCfg = Release|x86
		{B7D84B44-7659-45AF-907C-71474C015756}.Windows|Mixed Platforms.ActiveCfg = Release|x86
		{B7D84B44-7659-45AF-907C-71474C015756}.Windows|Mixed Platforms.Build.0 = Release|x86
		{B7D84B44-7659-45AF-907C-71474C015756}.Windows|x64.ActiveCfg = Release|x86
		{B7D84B44-7659-45AF-907C-71474C015756}.Windows|x86.ActiveCfg = Release|x86
		{B7D84B44-7659-45AF-907C-71474C015756}.Windows|x86.Build.0 = Release|x86
		{B7D84B44-7659-45AF-907C-71474C015756}.Windows|Xbox 360.ActiveCfg = Release|x86
		{37AD6EDD-3ECF-4082-9C65-888756F1DD39}.Debug|Any CPU.ActiveCfg = Debug|x86
		{37AD6EDD-3ECF-4082-9C65-888756F1DD39}.Debug|Mixed Platforms.ActiveCfg = Debug|x86
		{37AD6EDD-3ECF-4082-9C65-888756F1DD39}.Debug|Mixed Platforms.Build.0 = Debug|x86
		{37AD6EDD-3ECF-4082-9C65-888756F1DD39}.Debug|x64.ActiveCfg = Debug|x86
		{37AD6EDD-3ECF-4082-9C65-888756F1DD39}.Debug|x86.ActiveCfg = Debug|x86
		{37AD6EDD-3ECF-4082-9C65-888756F1DD39}.Debug|x86.Build.0 = Debug|x86
		{37AD6EDD-3ECF-4082-9C65-888756F1DD39}.Debug|Xbox 360.ActiveCfg = Debug|x86
		{37AD6EDD-3ECF-4082-9C65-888756F1DD39}.OSX-Linux|Any CPU.ActiveCfg = Release|x86
		{37AD6EDD-3ECF-4082-9C65-888756F1DD39}.OSX-Linux|Mixed Platforms.ActiveCfg = Release|x86
		{37AD6EDD-3ECF-4082-9C65-888756F1DD39}.OSX-Linux|Mixed Platforms.Build.0 = Release|x86
		{37AD6EDD-3ECF-4082-9C65-888756F1DD39}.OSX-Linux|x64.ActiveCfg = Release|x86
		{37AD6EDD-3ECF-4082-9C65-888756F1DD39}.OSX-Linux|x86.ActiveCfg = Release|x86
		{37AD6EDD-3ECF-4082-9C65-888756F1DD39}.OSX-Linux|x86.Build.0 = Release|x86
		{37AD6EDD-3ECF-4082-9C65-888756F1DD39}.OSX-Linux|Xbox 360.ActiveCfg = Release|x86
		{37AD6EDD-3ECF-4082-9C65-888756F1DD39}.Release|Any CPU.ActiveCfg = Release|x86
		{37AD6EDD-3ECF-4082-9C65-888756F1DD39}.Release|Mixed Platforms.ActiveCfg = Release|x86
		{37AD6EDD-3ECF-4082-9C65-888756F1DD39}.Release|Mixed Platforms.Build.0 = Release|x86
		{37AD6EDD-3ECF-4082-9C65-888756F1DD39}.Release|x64.ActiveCfg = Release|x86
		{37AD6EDD-3ECF-4082-9C65-888756F1DD39}.Release|x86.ActiveCfg = Release|x86
		{37AD6EDD-3ECF-4082-9C65-888756F1DD39}.Release|x86.Build.0 = Release|x86
		{37AD6EDD-3ECF-4082-9C65-888756F1DD39}.Release|Xbox 360.ActiveCfg = Release|x86
		{37AD6EDD-3ECF-4082-9C65-888756F1DD39}.Steam|Any CPU.ActiveCfg = Steam|x86
		{37AD6EDD-3ECF-4082-9C65-888756F1DD39}.Steam|Mixed Platforms.ActiveCfg = Steam|x86
		{37AD6EDD-3ECF-4082-9C65-888756F1DD39}.Steam|Mixed Platforms.Build.0 = Steam|x86
		{37AD6EDD-3ECF-4082-9C65-888756F1DD39}.Steam|x64.ActiveCfg = Steam|x86
		{37AD6EDD-3ECF-4082-9C65-888756F1DD39}.Steam|x86.ActiveCfg = Steam|x86
		{37AD6EDD-3ECF-4082-9C65-888756F1DD39}.Steam|x86.Build.0 = Steam|x86
		{37AD6EDD-3ECF-4082-9C65-888756F1DD39}.Steam|Xbox 360.ActiveCfg = Steam|x86
		{37AD6EDD-3ECF-4082-9C65-888756F1DD39}.Windows|Any CPU.ActiveCfg = Release|x86
		{37AD6EDD-3ECF-4082-9C65-888756F1DD39}.Windows|Mixed Platforms.ActiveCfg = Release|x86
		{37AD6EDD-3ECF-4082-9C65-888756F1DD39}.Windows|Mixed Platforms.Build.0 = Release|x86
		{37AD6EDD-3ECF-4082-9C65-888756F1DD39}.Windows|x64.ActiveCfg = Release|x86
		{37AD6EDD-3ECF-4082-9C65-888756F1DD39}.Windows|x86.ActiveCfg = Release|x86
		{37AD6EDD-3ECF-4082-9C65-888756F1DD39}.Windows|x86.Build.0 = Release|x86
		{37AD6EDD-3ECF-4082-9C65-888756F1DD39}.Windows|Xbox 360.ActiveCfg = Release|x86
		{235F12D2-872E-4DC1-8D34-A922AE33A785}.Debug|Any CPU.ActiveCfg = Debug|Any CPU
		{235F12D2-872E-4DC1-8D34-A922AE33A785}.Debug|Any CPU.Build.0 = Debug|Any CPU
		{235F12D2-872E-4DC1-8D34-A922AE33A785}.Debug|Mixed Platforms.ActiveCfg = Debug|x86
		{235F12D2-872E-4DC1-8D34-A922AE33A785}.Debug|Mixed Platforms.Build.0 = Debug|x86
		{235F12D2-872E-4DC1-8D34-A922AE33A785}.Debug|x64.ActiveCfg = Debug|x64
		{235F12D2-872E-4DC1-8D34-A922AE33A785}.Debug|x64.Build.0 = Debug|x64
		{235F12D2-872E-4DC1-8D34-A922AE33A785}.Debug|x86.ActiveCfg = Debug|x86
		{235F12D2-872E-4DC1-8D34-A922AE33A785}.Debug|x86.Build.0 = Debug|x86
		{235F12D2-872E-4DC1-8D34-A922AE33A785}.Debug|Xbox 360.ActiveCfg = Debug|x86
		{235F12D2-872E-4DC1-8D34-A922AE33A785}.OSX-Linux|Any CPU.ActiveCfg = Release|x86
		{235F12D2-872E-4DC1-8D34-A922AE33A785}.OSX-Linux|Mixed Platforms.ActiveCfg = Release|x86
		{235F12D2-872E-4DC1-8D34-A922AE33A785}.OSX-Linux|Mixed Platforms.Build.0 = Release|x86
		{235F12D2-872E-4DC1-8D34-A922AE33A785}.OSX-Linux|x64.ActiveCfg = Release|x86
		{235F12D2-872E-4DC1-8D34-A922AE33A785}.OSX-Linux|x86.ActiveCfg = Release|x86
		{235F12D2-872E-4DC1-8D34-A922AE33A785}.OSX-Linux|x86.Build.0 = Release|x86
		{235F12D2-872E-4DC1-8D34-A922AE33A785}.OSX-Linux|Xbox 360.ActiveCfg = Release|x86
		{235F12D2-872E-4DC1-8D34-A922AE33A785}.Release|Any CPU.ActiveCfg = Release|Any CPU
		{235F12D2-872E-4DC1-8D34-A922AE33A785}.Release|Any CPU.Build.0 = Release|Any CPU
		{235F12D2-872E-4DC1-8D34-A922AE33A785}.Release|Mixed Platforms.ActiveCfg = Release|x86
		{235F12D2-872E-4DC1-8D34-A922AE33A785}.Release|Mixed Platforms.Build.0 = Release|x86
		{235F12D2-872E-4DC1-8D34-A922AE33A785}.Release|x64.ActiveCfg = Release|x86
		{235F12D2-872E-4DC1-8D34-A922AE33A785}.Release|x64.Build.0 = Release|x86
		{235F12D2-872E-4DC1-8D34-A922AE33A785}.Release|x86.ActiveCfg = Release|x86
		{235F12D2-872E-4DC1-8D34-A922AE33A785}.Release|x86.Build.0 = Release|x86
		{235F12D2-872E-4DC1-8D34-A922AE33A785}.Release|Xbox 360.ActiveCfg = Release|x86
		{235F12D2-872E-4DC1-8D34-A922AE33A785}.Steam|Any CPU.ActiveCfg = Steam|Any CPU
		{235F12D2-872E-4DC1-8D34-A922AE33A785}.Steam|Any CPU.Build.0 = Steam|Any CPU
		{235F12D2-872E-4DC1-8D34-A922AE33A785}.Steam|Mixed Platforms.ActiveCfg = Steam|x86
		{235F12D2-872E-4DC1-8D34-A922AE33A785}.Steam|Mixed Platforms.Build.0 = Steam|x86
		{235F12D2-872E-4DC1-8D34-A922AE33A785}.Steam|x64.ActiveCfg = Steam|x64
		{235F12D2-872E-4DC1-8D34-A922AE33A785}.Steam|x64.Build.0 = Steam|x64
		{235F12D2-872E-4DC1-8D34-A922AE33A785}.Steam|x86.ActiveCfg = Steam|x86
		{235F12D2-872E-4DC1-8D34-A922AE33A785}.Steam|x86.Build.0 = Steam|x86
		{235F12D2-872E-4DC1-8D34-A922AE33A785}.Steam|Xbox 360.ActiveCfg = Steam|x86
		{235F12D2-872E-4DC1-8D34-A922AE33A785}.Windows|Any CPU.ActiveCfg = Release|x86
		{235F12D2-872E-4DC1-8D34-A922AE33A785}.Windows|Mixed Platforms.ActiveCfg = Release|x86
		{235F12D2-872E-4DC1-8D34-A922AE33A785}.Windows|Mixed Platforms.Build.0 = Release|x86
		{235F12D2-872E-4DC1-8D34-A922AE33A785}.Windows|x64.ActiveCfg = Release|x86
		{235F12D2-872E-4DC1-8D34-A922AE33A785}.Windows|x86.ActiveCfg = Release|x86
		{235F12D2-872E-4DC1-8D34-A922AE33A785}.Windows|x86.Build.0 = Release|x86
		{235F12D2-872E-4DC1-8D34-A922AE33A785}.Windows|Xbox 360.ActiveCfg = Release|x86
		{4717E4CA-508F-40B1-8E46-DAF44618B61B}.Debug|Any CPU.ActiveCfg = Debug|x86
		{4717E4CA-508F-40B1-8E46-DAF44618B61B}.Debug|Mixed Platforms.ActiveCfg = Debug|x86
		{4717E4CA-508F-40B1-8E46-DAF44618B61B}.Debug|Mixed Platforms.Build.0 = Debug|x86
		{4717E4CA-508F-40B1-8E46-DAF44618B61B}.Debug|x64.ActiveCfg = Debug|x86
		{4717E4CA-508F-40B1-8E46-DAF44618B61B}.Debug|x86.ActiveCfg = Debug|x86
		{4717E4CA-508F-40B1-8E46-DAF44618B61B}.Debug|x86.Build.0 = Debug|x86
		{4717E4CA-508F-40B1-8E46-DAF44618B61B}.Debug|Xbox 360.ActiveCfg = Debug|x86
		{4717E4CA-508F-40B1-8E46-DAF44618B61B}.OSX-Linux|Any CPU.ActiveCfg = Release|x86
		{4717E4CA-508F-40B1-8E46-DAF44618B61B}.OSX-Linux|Mixed Platforms.ActiveCfg = Release|x86
		{4717E4CA-508F-40B1-8E46-DAF44618B61B}.OSX-Linux|Mixed Platforms.Build.0 = Release|x86
		{4717E4CA-508F-40B1-8E46-DAF44618B61B}.OSX-Linux|x64.ActiveCfg = Release|x86
		{4717E4CA-508F-40B1-8E46-DAF44618B61B}.OSX-Linux|x86.ActiveCfg = Release|x86
		{4717E4CA-508F-40B1-8E46-DAF44618B61B}.OSX-Linux|x86.Build.0 = Release|x86
		{4717E4CA-508F-40B1-8E46-DAF44618B61B}.OSX-Linux|Xbox 360.ActiveCfg = Release|x86
		{4717E4CA-508F-40B1-8E46-DAF44618B61B}.Release|Any CPU.ActiveCfg = Release|x86
		{4717E4CA-508F-40B1-8E46-DAF44618B61B}.Release|Mixed Platforms.ActiveCfg = Release|x86
		{4717E4CA-508F-40B1-8E46-DAF44618B61B}.Release|Mixed Platforms.Build.0 = Release|x86
		{4717E4CA-508F-40B1-8E46-DAF44618B61B}.Release|x64.ActiveCfg = Release|x86
		{4717E4CA-508F-40B1-8E46-DAF44618B61B}.Release|x86.ActiveCfg = Release|x86
		{4717E4CA-508F-40B1-8E46-DAF44618B61B}.Release|x86.Build.0 = Release|x86
		{4717E4CA-508F-40B1-8E46-DAF44618B61B}.Release|Xbox 360.ActiveCfg = Release|x86
		{4717E4CA-508F-40B1-8E46-DAF44618B61B}.Steam|Any CPU.ActiveCfg = Steam|x86
		{4717E4CA-508F-40B1-8E46-DAF44618B61B}.Steam|Mixed Platforms.ActiveCfg = Steam|x86
		{4717E4CA-508F-40B1-8E46-DAF44618B61B}.Steam|Mixed Platforms.Build.0 = Steam|x86
		{4717E4CA-508F-40B1-8E46-DAF44618B61B}.Steam|x64.ActiveCfg = Steam|x86
		{4717E4CA-508F-40B1-8E46-DAF44618B61B}.Steam|x86.ActiveCfg = Steam|x86
		{4717E4CA-508F-40B1-8E46-DAF44618B61B}.Steam|x86.Build.0 = Steam|x86
		{4717E4CA-508F-40B1-8E46-DAF44618B61B}.Steam|Xbox 360.ActiveCfg = Steam|x86
		{4717E4CA-508F-40B1-8E46-DAF44618B61B}.Windows|Any CPU.ActiveCfg = Release|x86
		{4717E4CA-508F-40B1-8E46-DAF44618B61B}.Windows|Mixed Platforms.ActiveCfg = Release|x86
		{4717E4CA-508F-40B1-8E46-DAF44618B61B}.Windows|Mixed Platforms.Build.0 = Release|x86
		{4717E4CA-508F-40B1-8E46-DAF44618B61B}.Windows|x64.ActiveCfg = Release|x86
		{4717E4CA-508F-40B1-8E46-DAF44618B61B}.Windows|x86.ActiveCfg = Release|x86
		{4717E4CA-508F-40B1-8E46-DAF44618B61B}.Windows|x86.Build.0 = Release|x86
		{4717E4CA-508F-40B1-8E46-DAF44618B61B}.Windows|Xbox 360.ActiveCfg = Release|x86
		{AC8A2E22-9F92-475C-B5BE-47FA7126B84F}.Debug|Any CPU.ActiveCfg = Debug|Any CPU
		{AC8A2E22-9F92-475C-B5BE-47FA7126B84F}.Debug|Mixed Platforms.ActiveCfg = Debug|Any CPU
		{AC8A2E22-9F92-475C-B5BE-47FA7126B84F}.Debug|x64.ActiveCfg = Debug|Any CPU
		{AC8A2E22-9F92-475C-B5BE-47FA7126B84F}.Debug|x86.ActiveCfg = Debug|Any CPU
		{AC8A2E22-9F92-475C-B5BE-47FA7126B84F}.Debug|Xbox 360.ActiveCfg = Debug|Any CPU
		{AC8A2E22-9F92-475C-B5BE-47FA7126B84F}.OSX-Linux|Any CPU.ActiveCfg = Debug|Any CPU
		{AC8A2E22-9F92-475C-B5BE-47FA7126B84F}.OSX-Linux|Mixed Platforms.ActiveCfg = Debug|Any CPU
		{AC8A2E22-9F92-475C-B5BE-47FA7126B84F}.OSX-Linux|x64.ActiveCfg = Debug|Any CPU
		{AC8A2E22-9F92-475C-B5BE-47FA7126B84F}.OSX-Linux|x86.ActiveCfg = Debug|Any CPU
		{AC8A2E22-9F92-475C-B5BE-47FA7126B84F}.OSX-Linux|Xbox 360.ActiveCfg = Debug|Any CPU
		{AC8A2E22-9F92-475C-B5BE-47FA7126B84F}.Release|Any CPU.ActiveCfg = Debug|Any CPU
		{AC8A2E22-9F92-475C-B5BE-47FA7126B84F}.Release|Mixed Platforms.ActiveCfg = Debug|Any CPU
		{AC8A2E22-9F92-475C-B5BE-47FA7126B84F}.Release|x64.ActiveCfg = Debug|Any CPU
		{AC8A2E22-9F92-475C-B5BE-47FA7126B84F}.Release|x86.ActiveCfg = Debug|Any CPU
		{AC8A2E22-9F92-475C-B5BE-47FA7126B84F}.Release|Xbox 360.ActiveCfg = Debug|Any CPU
		{AC8A2E22-9F92-475C-B5BE-47FA7126B84F}.Steam|Any CPU.ActiveCfg = Debug|Any CPU
		{AC8A2E22-9F92-475C-B5BE-47FA7126B84F}.Steam|Mixed Platforms.ActiveCfg = Debug|Any CPU
		{AC8A2E22-9F92-475C-B5BE-47FA7126B84F}.Steam|x64.ActiveCfg = Debug|Any CPU
		{AC8A2E22-9F92-475C-B5BE-47FA7126B84F}.Steam|x86.ActiveCfg = Debug|Any CPU
		{AC8A2E22-9F92-475C-B5BE-47FA7126B84F}.Steam|Xbox 360.ActiveCfg = Debug|Any CPU
		{AC8A2E22-9F92-475C-B5BE-47FA7126B84F}.Windows|Any CPU.ActiveCfg = Debug|Any CPU
		{AC8A2E22-9F92-475C-B5BE-47FA7126B84F}.Windows|Mixed Platforms.ActiveCfg = Debug|Any CPU
		{AC8A2E22-9F92-475C-B5BE-47FA7126B84F}.Windows|x64.ActiveCfg = Debug|Any CPU
		{AC8A2E22-9F92-475C-B5BE-47FA7126B84F}.Windows|x86.ActiveCfg = Debug|Any CPU
		{AC8A2E22-9F92-475C-B5BE-47FA7126B84F}.Windows|Xbox 360.ActiveCfg = Debug|Any CPU
		{7BD04302-6058-4D31-907C-6E1B9CFE8122}.Debug|Any CPU.ActiveCfg = Debug|Any CPU
		{7BD04302-6058-4D31-907C-6E1B9CFE8122}.Debug|Any CPU.Build.0 = Debug|Any CPU
		{7BD04302-6058-4D31-907C-6E1B9CFE8122}.Debug|Mixed Platforms.ActiveCfg = Debug|x86
		{7BD04302-6058-4D31-907C-6E1B9CFE8122}.Debug|Mixed Platforms.Build.0 = Debug|x86
		{7BD04302-6058-4D31-907C-6E1B9CFE8122}.Debug|x64.ActiveCfg = Debug|Any CPU
		{7BD04302-6058-4D31-907C-6E1B9CFE8122}.Debug|x86.ActiveCfg = Debug|x86
		{7BD04302-6058-4D31-907C-6E1B9CFE8122}.Debug|x86.Build.0 = Debug|x86
		{7BD04302-6058-4D31-907C-6E1B9CFE8122}.Debug|Xbox 360.ActiveCfg = Debug|x86
		{7BD04302-6058-4D31-907C-6E1B9CFE8122}.OSX-Linux|Any CPU.ActiveCfg = Release|x86
		{7BD04302-6058-4D31-907C-6E1B9CFE8122}.OSX-Linux|Mixed Platforms.ActiveCfg = Release|x86
		{7BD04302-6058-4D31-907C-6E1B9CFE8122}.OSX-Linux|Mixed Platforms.Build.0 = Release|x86
		{7BD04302-6058-4D31-907C-6E1B9CFE8122}.OSX-Linux|x64.ActiveCfg = Release|x86
		{7BD04302-6058-4D31-907C-6E1B9CFE8122}.OSX-Linux|x86.ActiveCfg = Release|x86
		{7BD04302-6058-4D31-907C-6E1B9CFE8122}.OSX-Linux|x86.Build.0 = Release|x86
		{7BD04302-6058-4D31-907C-6E1B9CFE8122}.OSX-Linux|Xbox 360.ActiveCfg = Release|x86
		{7BD04302-6058-4D31-907C-6E1B9CFE8122}.Release|Any CPU.ActiveCfg = Release|Any CPU
		{7BD04302-6058-4D31-907C-6E1B9CFE8122}.Release|Any CPU.Build.0 = Release|Any CPU
		{7BD04302-6058-4D31-907C-6E1B9CFE8122}.Release|Mixed Platforms.ActiveCfg = Release|x86
		{7BD04302-6058-4D31-907C-6E1B9CFE8122}.Release|Mixed Platforms.Build.0 = Release|x86
		{7BD04302-6058-4D31-907C-6E1B9CFE8122}.Release|x64.ActiveCfg = Release|Any CPU
		{7BD04302-6058-4D31-907C-6E1B9CFE8122}.Release|x86.ActiveCfg = Release|x86
		{7BD04302-6058-4D31-907C-6E1B9CFE8122}.Release|x86.Build.0 = Release|x86
		{7BD04302-6058-4D31-907C-6E1B9CFE8122}.Release|Xbox 360.ActiveCfg = Release|x86
		{7BD04302-6058-4D31-907C-6E1B9CFE8122}.Steam|Any CPU.ActiveCfg = Release|x86
		{7BD04302-6058-4D31-907C-6E1B9CFE8122}.Steam|Mixed Platforms.ActiveCfg = Release|x86
		{7BD04302-6058-4D31-907C-6E1B9CFE8122}.Steam|Mixed Platforms.Build.0 = Release|x86
		{7BD04302-6058-4D31-907C-6E1B9CFE8122}.Steam|x64.ActiveCfg = Release|x86
		{7BD04302-6058-4D31-907C-6E1B9CFE8122}.Steam|x86.ActiveCfg = Release|x86
		{7BD04302-6058-4D31-907C-6E1B9CFE8122}.Steam|x86.Build.0 = Release|x86
		{7BD04302-6058-4D31-907C-6E1B9CFE8122}.Steam|Xbox 360.ActiveCfg = Release|x86
		{7BD04302-6058-4D31-907C-6E1B9CFE8122}.Windows|Any CPU.ActiveCfg = Release|x86
		{7BD04302-6058-4D31-907C-6E1B9CFE8122}.Windows|Mixed Platforms.ActiveCfg = Release|x86
		{7BD04302-6058-4D31-907C-6E1B9CFE8122}.Windows|Mixed Platforms.Build.0 = Release|x86
		{7BD04302-6058-4D31-907C-6E1B9CFE8122}.Windows|x64.ActiveCfg = Release|x86
		{7BD04302-6058-4D31-907C-6E1B9CFE8122}.Windows|x86.ActiveCfg = Release|x86
		{7BD04302-6058-4D31-907C-6E1B9CFE8122}.Windows|x86.Build.0 = Release|x86
		{7BD04302-6058-4D31-907C-6E1B9CFE8122}.Windows|Xbox 360.ActiveCfg = Release|x86
		{77483001-672D-41FB-BDE7-05FE1FC82986}.Debug|Any CPU.ActiveCfg = Debug|Any CPU
		{77483001-672D-41FB-BDE7-05FE1FC82986}.Debug|Any CPU.Build.0 = Debug|Any CPU
		{77483001-672D-41FB-BDE7-05FE1FC82986}.Debug|Mixed Platforms.ActiveCfg = Debug|x86
		{77483001-672D-41FB-BDE7-05FE1FC82986}.Debug|x64.ActiveCfg = Debug|Any CPU
		{77483001-672D-41FB-BDE7-05FE1FC82986}.Debug|x86.ActiveCfg = Debug|x86
		{77483001-672D-41FB-BDE7-05FE1FC82986}.Debug|Xbox 360.ActiveCfg = Debug|x86
		{77483001-672D-41FB-BDE7-05FE1FC82986}.OSX-Linux|Any CPU.ActiveCfg = Release|x86
		{77483001-672D-41FB-BDE7-05FE1FC82986}.OSX-Linux|Mixed Platforms.ActiveCfg = Release|x86
		{77483001-672D-41FB-BDE7-05FE1FC82986}.OSX-Linux|Mixed Platforms.Build.0 = Release|x86
		{77483001-672D-41FB-BDE7-05FE1FC82986}.OSX-Linux|x64.ActiveCfg = Release|x86
		{77483001-672D-41FB-BDE7-05FE1FC82986}.OSX-Linux|x86.ActiveCfg = Release|x86
		{77483001-672D-41FB-BDE7-05FE1FC82986}.OSX-Linux|x86.Build.0 = Release|x86
		{77483001-672D-41FB-BDE7-05FE1FC82986}.OSX-Linux|Xbox 360.ActiveCfg = Release|x86
		{77483001-672D-41FB-BDE7-05FE1FC82986}.Release|Any CPU.ActiveCfg = Release|Any CPU
		{77483001-672D-41FB-BDE7-05FE1FC82986}.Release|Any CPU.Build.0 = Release|Any CPU
		{77483001-672D-41FB-BDE7-05FE1FC82986}.Release|Mixed Platforms.ActiveCfg = Release|x86
		{77483001-672D-41FB-BDE7-05FE1FC82986}.Release|x64.ActiveCfg = Release|Any CPU
		{77483001-672D-41FB-BDE7-05FE1FC82986}.Release|x86.ActiveCfg = Release|x86
		{77483001-672D-41FB-BDE7-05FE1FC82986}.Release|Xbox 360.ActiveCfg = Release|x86
		{77483001-672D-41FB-BDE7-05FE1FC82986}.Steam|Any CPU.ActiveCfg = Steam|Any CPU
		{77483001-672D-41FB-BDE7-05FE1FC82986}.Steam|Mixed Platforms.ActiveCfg = Steam|x86
		{77483001-672D-41FB-BDE7-05FE1FC82986}.Steam|Mixed Platforms.Build.0 = Steam|x86
		{77483001-672D-41FB-BDE7-05FE1FC82986}.Steam|x64.ActiveCfg = Steam|x86
		{77483001-672D-41FB-BDE7-05FE1FC82986}.Steam|x86.ActiveCfg = Steam|x86
		{77483001-672D-41FB-BDE7-05FE1FC82986}.Steam|Xbox 360.ActiveCfg = Steam|x86
		{77483001-672D-41FB-BDE7-05FE1FC82986}.Windows|Any CPU.ActiveCfg = Release|x86
		{77483001-672D-41FB-BDE7-05FE1FC82986}.Windows|Mixed Platforms.ActiveCfg = Release|x86
		{77483001-672D-41FB-BDE7-05FE1FC82986}.Windows|Mixed Platforms.Build.0 = Release|x86
		{77483001-672D-41FB-BDE7-05FE1FC82986}.Windows|x64.ActiveCfg = Release|x86
		{77483001-672D-41FB-BDE7-05FE1FC82986}.Windows|x86.ActiveCfg = Release|x86
		{77483001-672D-41FB-BDE7-05FE1FC82986}.Windows|x86.Build.0 = Release|x86
		{77483001-672D-41FB-BDE7-05FE1FC82986}.Windows|Xbox 360.ActiveCfg = Release|x86
		{ADAF85F8-6BE0-404E-B59C-C9384D57BF9E}.Debug|Any CPU.ActiveCfg = Debug|Xbox 360
		{ADAF85F8-6BE0-404E-B59C-C9384D57BF9E}.Debug|Mixed Platforms.ActiveCfg = Debug|Xbox 360
		{ADAF85F8-6BE0-404E-B59C-C9384D57BF9E}.Debug|Mixed Platforms.Build.0 = Debug|Xbox 360
		{ADAF85F8-6BE0-404E-B59C-C9384D57BF9E}.Debug|Mixed Platforms.Deploy.0 = Debug|Xbox 360
		{ADAF85F8-6BE0-404E-B59C-C9384D57BF9E}.Debug|x64.ActiveCfg = Debug|Xbox 360
		{ADAF85F8-6BE0-404E-B59C-C9384D57BF9E}.Debug|x86.ActiveCfg = Debug|Xbox 360
		{ADAF85F8-6BE0-404E-B59C-C9384D57BF9E}.Debug|Xbox 360.ActiveCfg = Debug|Xbox 360
		{ADAF85F8-6BE0-404E-B59C-C9384D57BF9E}.Debug|Xbox 360.Build.0 = Debug|Xbox 360
		{ADAF85F8-6BE0-404E-B59C-C9384D57BF9E}.Debug|Xbox 360.Deploy.0 = Debug|Xbox 360
		{ADAF85F8-6BE0-404E-B59C-C9384D57BF9E}.OSX-Linux|Any CPU.ActiveCfg = Release|Xbox 360
		{ADAF85F8-6BE0-404E-B59C-C9384D57BF9E}.OSX-Linux|Mixed Platforms.ActiveCfg = Release|Xbox 360
		{ADAF85F8-6BE0-404E-B59C-C9384D57BF9E}.OSX-Linux|Mixed Platforms.Build.0 = Release|Xbox 360
		{ADAF85F8-6BE0-404E-B59C-C9384D57BF9E}.OSX-Linux|Mixed Platforms.Deploy.0 = Release|Xbox 360
		{ADAF85F8-6BE0-404E-B59C-C9384D57BF9E}.OSX-Linux|x64.ActiveCfg = Release|Xbox 360
		{ADAF85F8-6BE0-404E-B59C-C9384D57BF9E}.OSX-Linux|x86.ActiveCfg = Release|Xbox 360
		{ADAF85F8-6BE0-404E-B59C-C9384D57BF9E}.OSX-Linux|Xbox 360.ActiveCfg = Release|Xbox 360
		{ADAF85F8-6BE0-404E-B59C-C9384D57BF9E}.OSX-Linux|Xbox 360.Build.0 = Release|Xbox 360
		{ADAF85F8-6BE0-404E-B59C-C9384D57BF9E}.OSX-Linux|Xbox 360.Deploy.0 = Release|Xbox 360
		{ADAF85F8-6BE0-404E-B59C-C9384D57BF9E}.Release|Any CPU.ActiveCfg = Release|Xbox 360
		{ADAF85F8-6BE0-404E-B59C-C9384D57BF9E}.Release|Mixed Platforms.ActiveCfg = Release|Xbox 360
		{ADAF85F8-6BE0-404E-B59C-C9384D57BF9E}.Release|Mixed Platforms.Build.0 = Release|Xbox 360
		{ADAF85F8-6BE0-404E-B59C-C9384D57BF9E}.Release|Mixed Platforms.Deploy.0 = Release|Xbox 360
		{ADAF85F8-6BE0-404E-B59C-C9384D57BF9E}.Release|x64.ActiveCfg = Release|Xbox 360
		{ADAF85F8-6BE0-404E-B59C-C9384D57BF9E}.Release|x86.ActiveCfg = Release|Xbox 360
		{ADAF85F8-6BE0-404E-B59C-C9384D57BF9E}.Release|Xbox 360.ActiveCfg = Release|Xbox 360
		{ADAF85F8-6BE0-404E-B59C-C9384D57BF9E}.Release|Xbox 360.Build.0 = Release|Xbox 360
		{ADAF85F8-6BE0-404E-B59C-C9384D57BF9E}.Release|Xbox 360.Deploy.0 = Release|Xbox 360
		{ADAF85F8-6BE0-404E-B59C-C9384D57BF9E}.Steam|Any CPU.ActiveCfg = Steam|Xbox 360
		{ADAF85F8-6BE0-404E-B59C-C9384D57BF9E}.Steam|Mixed Platforms.ActiveCfg = Steam|Xbox 360
		{ADAF85F8-6BE0-404E-B59C-C9384D57BF9E}.Steam|Mixed Platforms.Build.0 = Steam|Xbox 360
		{ADAF85F8-6BE0-404E-B59C-C9384D57BF9E}.Steam|Mixed Platforms.Deploy.0 = Steam|Xbox 360
		{ADAF85F8-6BE0-404E-B59C-C9384D57BF9E}.Steam|x64.ActiveCfg = Steam|Xbox 360
		{ADAF85F8-6BE0-404E-B59C-C9384D57BF9E}.Steam|x86.ActiveCfg = Steam|Xbox 360
		{ADAF85F8-6BE0-404E-B59C-C9384D57BF9E}.Steam|Xbox 360.ActiveCfg = Steam|Xbox 360
		{ADAF85F8-6BE0-404E-B59C-C9384D57BF9E}.Steam|Xbox 360.Deploy.0 = Steam|Xbox 360
		{ADAF85F8-6BE0-404E-B59C-C9384D57BF9E}.Windows|Any CPU.ActiveCfg = Release|Xbox 360
		{ADAF85F8-6BE0-404E-B59C-C9384D57BF9E}.Windows|Mixed Platforms.ActiveCfg = Release|Xbox 360
		{ADAF85F8-6BE0-404E-B59C-C9384D57BF9E}.Windows|Mixed Platforms.Build.0 = Release|Xbox 360
		{ADAF85F8-6BE0-404E-B59C-C9384D57BF9E}.Windows|Mixed Platforms.Deploy.0 = Release|Xbox 360
		{ADAF85F8-6BE0-404E-B59C-C9384D57BF9E}.Windows|x64.ActiveCfg = Release|Xbox 360
		{ADAF85F8-6BE0-404E-B59C-C9384D57BF9E}.Windows|x86.ActiveCfg = Release|Xbox 360
		{ADAF85F8-6BE0-404E-B59C-C9384D57BF9E}.Windows|Xbox 360.ActiveCfg = Release|Xbox 360
		{ADAF85F8-6BE0-404E-B59C-C9384D57BF9E}.Windows|Xbox 360.Build.0 = Release|Xbox 360
		{ADAF85F8-6BE0-404E-B59C-C9384D57BF9E}.Windows|Xbox 360.Deploy.0 = Release|Xbox 360
		{009E26CD-6B77-429C-A8F9-8CE79FB98F14}.Debug|Any CPU.ActiveCfg = Debug|Xbox 360
		{009E26CD-6B77-429C-A8F9-8CE79FB98F14}.Debug|Mixed Platforms.ActiveCfg = Debug|Xbox 360
		{009E26CD-6B77-429C-A8F9-8CE79FB98F14}.Debug|x64.ActiveCfg = Debug|Xbox 360
		{009E26CD-6B77-429C-A8F9-8CE79FB98F14}.Debug|x86.ActiveCfg = Debug|Xbox 360
		{009E26CD-6B77-429C-A8F9-8CE79FB98F14}.Debug|Xbox 360.ActiveCfg = Debug|Xbox 360
		{009E26CD-6B77-429C-A8F9-8CE79FB98F14}.Debug|Xbox 360.Build.0 = Debug|Xbox 360
		{009E26CD-6B77-429C-A8F9-8CE79FB98F14}.OSX-Linux|Any CPU.ActiveCfg = Release|Xbox 360
		{009E26CD-6B77-429C-A8F9-8CE79FB98F14}.OSX-Linux|Mixed Platforms.ActiveCfg = Release|Xbox 360
		{009E26CD-6B77-429C-A8F9-8CE79FB98F14}.OSX-Linux|x64.ActiveCfg = Release|Xbox 360
		{009E26CD-6B77-429C-A8F9-8CE79FB98F14}.OSX-Linux|x86.ActiveCfg = Release|Xbox 360
		{009E26CD-6B77-429C-A8F9-8CE79FB98F14}.OSX-Linux|Xbox 360.ActiveCfg = Release|Xbox 360
		{009E26CD-6B77-429C-A8F9-8CE79FB98F14}.Release|Any CPU.ActiveCfg = Release|Xbox 360
		{009E26CD-6B77-429C-A8F9-8CE79FB98F14}.Release|Mixed Platforms.ActiveCfg = Release|Xbox 360
		{009E26CD-6B77-429C-A8F9-8CE79FB98F14}.Release|x64.ActiveCfg = Release|Xbox 360
		{009E26CD-6B77-429C-A8F9-8CE79FB98F14}.Release|x86.ActiveCfg = Release|Xbox 360
		{009E26CD-6B77-429C-A8F9-8CE79FB98F14}.Release|Xbox 360.ActiveCfg = Release|Xbox 360
		{009E26CD-6B77-429C-A8F9-8CE79FB98F14}.Steam|Any CPU.ActiveCfg = Release|Xbox 360
		{009E26CD-6B77-429C-A8F9-8CE79FB98F14}.Steam|Mixed Platforms.ActiveCfg = Release|Xbox 360
		{009E26CD-6B77-429C-A8F9-8CE79FB98F14}.Steam|x64.ActiveCfg = Release|Xbox 360
		{009E26CD-6B77-429C-A8F9-8CE79FB98F14}.Steam|x86.ActiveCfg = Release|Xbox 360
		{009E26CD-6B77-429C-A8F9-8CE79FB98F14}.Steam|Xbox 360.ActiveCfg = Release|Xbox 360
		{009E26CD-6B77-429C-A8F9-8CE79FB98F14}.Windows|Any CPU.ActiveCfg = Release|Xbox 360
		{009E26CD-6B77-429C-A8F9-8CE79FB98F14}.Windows|Mixed Platforms.ActiveCfg = Release|Xbox 360
		{009E26CD-6B77-429C-A8F9-8CE79FB98F14}.Windows|x64.ActiveCfg = Release|Xbox 360
		{009E26CD-6B77-429C-A8F9-8CE79FB98F14}.Windows|x86.ActiveCfg = Release|Xbox 360
		{009E26CD-6B77-429C-A8F9-8CE79FB98F14}.Windows|Xbox 360.ActiveCfg = Release|Xbox 360
		{B3543600-587C-4FDC-994A-CB0BDC629A7E}.Debug|Any CPU.ActiveCfg = OSX-Linux|x64
		{B3543600-587C-4FDC-994A-CB0BDC629A7E}.Debug|Mixed Platforms.ActiveCfg = OSX-Linux|x64
		{B3543600-587C-4FDC-994A-CB0BDC629A7E}.Debug|Mixed Platforms.Build.0 = OSX-Linux|x64
		{B3543600-587C-4FDC-994A-CB0BDC629A7E}.Debug|x64.ActiveCfg = OSX-Linux|x64
		{B3543600-587C-4FDC-994A-CB0BDC629A7E}.Debug|x64.Build.0 = OSX-Linux|x64
		{B3543600-587C-4FDC-994A-CB0BDC629A7E}.Debug|x86.ActiveCfg = Windows|x86
		{B3543600-587C-4FDC-994A-CB0BDC629A7E}.Debug|x86.Build.0 = Windows|x86
		{B3543600-587C-4FDC-994A-CB0BDC629A7E}.Debug|Xbox 360.ActiveCfg = OSX-Linux|x64
		{B3543600-587C-4FDC-994A-CB0BDC629A7E}.OSX-Linux|Any CPU.ActiveCfg = OSX-Linux|Any CPU
		{B3543600-587C-4FDC-994A-CB0BDC629A7E}.OSX-Linux|Any CPU.Build.0 = OSX-Linux|Any CPU
		{B3543600-587C-4FDC-994A-CB0BDC629A7E}.OSX-Linux|Mixed Platforms.ActiveCfg = OSX-Linux|x64
		{B3543600-587C-4FDC-994A-CB0BDC629A7E}.OSX-Linux|Mixed Platforms.Build.0 = OSX-Linux|x64
		{B3543600-587C-4FDC-994A-CB0BDC629A7E}.OSX-Linux|x64.ActiveCfg = OSX-Linux|x64
		{B3543600-587C-4FDC-994A-CB0BDC629A7E}.OSX-Linux|x64.Build.0 = OSX-Linux|x64
		{B3543600-587C-4FDC-994A-CB0BDC629A7E}.OSX-Linux|x86.ActiveCfg = OSX-Linux|x86
		{B3543600-587C-4FDC-994A-CB0BDC629A7E}.OSX-Linux|x86.Build.0 = OSX-Linux|x86
		{B3543600-587C-4FDC-994A-CB0BDC629A7E}.OSX-Linux|Xbox 360.ActiveCfg = OSX-Linux|x64
		{B3543600-587C-4FDC-994A-CB0BDC629A7E}.Release|Any CPU.ActiveCfg = OSX-Linux|x64
		{B3543600-587C-4FDC-994A-CB0BDC629A7E}.Release|Mixed Platforms.ActiveCfg = OSX-Linux|x64
		{B3543600-587C-4FDC-994A-CB0BDC629A7E}.Release|Mixed Platforms.Build.0 = OSX-Linux|x64
		{B3543600-587C-4FDC-994A-CB0BDC629A7E}.Release|x64.ActiveCfg = OSX-Linux|x64
		{B3543600-587C-4FDC-994A-CB0BDC629A7E}.Release|x64.Build.0 = OSX-Linux|x64
		{B3543600-587C-4FDC-994A-CB0BDC629A7E}.Release|x86.ActiveCfg = Windows|x86
		{B3543600-587C-4FDC-994A-CB0BDC629A7E}.Release|x86.Build.0 = Windows|x86
		{B3543600-587C-4FDC-994A-CB0BDC629A7E}.Release|Xbox 360.ActiveCfg = OSX-Linux|x64
		{B3543600-587C-4FDC-994A-CB0BDC629A7E}.Steam|Any CPU.ActiveCfg = Steam|Any CPU
		{B3543600-587C-4FDC-994A-CB0BDC629A7E}.Steam|Any CPU.Build.0 = Steam|Any CPU
		{B3543600-587C-4FDC-994A-CB0BDC629A7E}.Steam|Mixed Platforms.ActiveCfg = Steam|x64
		{B3543600-587C-4FDC-994A-CB0BDC629A7E}.Steam|Mixed Platforms.Build.0 = Steam|x64
		{B3543600-587C-4FDC-994A-CB0BDC629A7E}.Steam|x64.ActiveCfg = Steam|x64
		{B3543600-587C-4FDC-994A-CB0BDC629A7E}.Steam|x64.Build.0 = Steam|x64
		{B3543600-587C-4FDC-994A-CB0BDC629A7E}.Steam|x86.ActiveCfg = Steam|x86
		{B3543600-587C-4FDC-994A-CB0BDC629A7E}.Steam|x86.Build.0 = Steam|x86
		{B3543600-587C-4FDC-994A-CB0BDC629A7E}.Steam|Xbox 360.ActiveCfg = Steam|x64
		{B3543600-587C-4FDC-994A-CB0BDC629A7E}.Windows|Any CPU.ActiveCfg = Windows|Any CPU
		{B3543600-587C-4FDC-994A-CB0BDC629A7E}.Windows|Any CPU.Build.0 = Windows|Any CPU
		{B3543600-587C-4FDC-994A-CB0BDC629A7E}.Windows|Mixed Platforms.ActiveCfg = Windows|x64
		{B3543600-587C-4FDC-994A-CB0BDC629A7E}.Windows|Mixed Platforms.Build.0 = Windows|x64
		{B3543600-587C-4FDC-994A-CB0BDC629A7E}.Windows|x64.ActiveCfg = Windows|x64
		{B3543600-587C-4FDC-994A-CB0BDC629A7E}.Windows|x64.Build.0 = Windows|x64
		{B3543600-587C-4FDC-994A-CB0BDC629A7E}.Windows|x86.ActiveCfg = Windows|x86
		{B3543600-587C-4FDC-994A-CB0BDC629A7E}.Windows|x86.Build.0 = Windows|x86
		{B3543600-587C-4FDC-994A-CB0BDC629A7E}.Windows|Xbox 360.ActiveCfg = Windows|x64
	EndGlobalSection
	GlobalSection(SolutionProperties) = preSolution
		HideSolutionNode = FALSE
	EndGlobalSection
EndGlobal
